
Microsoft Visual Studio Solution File, Format Version 12.00
# Visual Studio 15
VisualStudioVersion = 15.0.28010.2041
MinimumVisualStudioVersion = 10.0.40219.1
Project("{8BC9CEB8-8B4A-11D0-8D11-00A0C91BC942}") = "01-复杂度1 最大子列和问题", "01-复杂度1 最大子列和问题\01-复杂度1 最大子列和问题.vcxproj", "{BBD5B846-5AF5-4725-A40B-94F50580010A}"
EndProject
Project("{8BC9CEB8-8B4A-11D0-8D11-00A0C91BC942}") = "01-复杂度2 Maximum Subsequence Sum", "01-复杂度2 Maximum Subsequence Sum\01-复杂度2 Maximum Subsequence Sum.vcxproj", "{42ED1562-4FCD-48B0-AF68-D5D7980186E8}"
EndProject
Project("{8BC9CEB8-8B4A-11D0-8D11-00A0C91BC942}") = "01-复杂度3 二分查找", "01-复杂度3 二分查找\01-复杂度3 二分查找.vcxproj", "{6457CA86-FE4A-49CC-BB4A-2DB94E980D34}"
EndProject
Project("{8BC9CEB8-8B4A-11D0-8D11-00A0C91BC942}") = "02-线性结构1 两个有序链表序列的合并", "02-线性结构1 两个有序链表序列的合并\02-线性结构1 两个有序链表序列的合并.vcxproj", "{55611039-56EB-4FBC-ADC1-470411B5E50D}"
EndProject
Project("{8BC9CEB8-8B4A-11D0-8D11-00A0C91BC942}") = "02-线性结构2 一元多项式的乘法与加法运算", "02-线性结构2 一元多项式的乘法与加法运算\02-线性结构2 一元多项式的乘法与加法运算.vcxproj", "{54DF2DCC-6D92-484F-9796-56F18E6207B2}"
EndProject
Project("{8BC9CEB8-8B4A-11D0-8D11-00A0C91BC942}") = "02-线性结构3 Reversing Linked List", "02-线性结构3 Reversing Linked List\02-线性结构3 Reversing Linked List.vcxproj", "{2E2344BC-4C0B-4047-A5A0-64C7630BA5AA}"
EndProject
Project("{8BC9CEB8-8B4A-11D0-8D11-00A0C91BC942}") = "02-线性结构4 Pop Sequence", "02-线性结构4 Pop Sequence\02-线性结构4 Pop Sequence.vcxproj", "{28E84CB5-5B42-4A42-BA1E-36B9955A982C}"
EndProject
Project("{8BC9CEB8-8B4A-11D0-8D11-00A0C91BC942}") = "03-树1 树的同构", "03-树1 树的同构\03-树1 树的同构.vcxproj", "{0693AF7A-B57C-49EB-A5E0-59B0EEC4037B}"
EndProject
Project("{8BC9CEB8-8B4A-11D0-8D11-00A0C91BC942}") = "03-树2 List Leaves", "03-树2 List Leaves\03-树2 List Leaves.vcxproj", "{DC4602E1-BB57-4782-BE5F-09D46B842F24}"
EndProject
Global
	GlobalSection(SolutionConfigurationPlatforms) = preSolution
		Debug|x64 = Debug|x64
		Debug|x86 = Debug|x86
		Release|x64 = Release|x64
		Release|x86 = Release|x86
	EndGlobalSection
	GlobalSection(ProjectConfigurationPlatforms) = postSolution
		{BBD5B846-5AF5-4725-A40B-94F50580010A}.Debug|x64.ActiveCfg = Debug|x64
		{BBD5B846-5AF5-4725-A40B-94F50580010A}.Debug|x64.Build.0 = Debug|x64
		{BBD5B846-5AF5-4725-A40B-94F50580010A}.Debug|x86.ActiveCfg = Debug|Win32
		{BBD5B846-5AF5-4725-A40B-94F50580010A}.Debug|x86.Build.0 = Debug|Win32
		{BBD5B846-5AF5-4725-A40B-94F50580010A}.Release|x64.ActiveCfg = Release|x64
		{BBD5B846-5AF5-4725-A40B-94F50580010A}.Release|x64.Build.0 = Release|x64
		{BBD5B846-5AF5-4725-A40B-94F50580010A}.Release|x86.ActiveCfg = Release|Win32
		{BBD5B846-5AF5-4725-A40B-94F50580010A}.Release|x86.Build.0 = Release|Win32
		{42ED1562-4FCD-48B0-AF68-D5D7980186E8}.Debug|x64.ActiveCfg = Debug|x64
		{42ED1562-4FCD-48B0-AF68-D5D7980186E8}.Debug|x64.Build.0 = Debug|x64
		{42ED1562-4FCD-48B0-AF68-D5D7980186E8}.Debug|x86.ActiveCfg = Debug|Win32
		{42ED1562-4FCD-48B0-AF68-D5D7980186E8}.Debug|x86.Build.0 = Debug|Win32
		{42ED1562-4FCD-48B0-AF68-D5D7980186E8}.Release|x64.ActiveCfg = Release|x64
		{42ED1562-4FCD-48B0-AF68-D5D7980186E8}.Release|x64.Build.0 = Release|x64
		{42ED1562-4FCD-48B0-AF68-D5D7980186E8}.Release|x86.ActiveCfg = Release|Win32
		{42ED1562-4FCD-48B0-AF68-D5D7980186E8}.Release|x86.Build.0 = Release|Win32
		{6457CA86-FE4A-49CC-BB4A-2DB94E980D34}.Debug|x64.ActiveCfg = Debug|x64
		{6457CA86-FE4A-49CC-BB4A-2DB94E980D34}.Debug|x64.Build.0 = Debug|x64
		{6457CA86-FE4A-49CC-BB4A-2DB94E980D34}.Debug|x86.ActiveCfg = Debug|Win32
		{6457CA86-FE4A-49CC-BB4A-2DB94E980D34}.Debug|x86.Build.0 = Debug|Win32
		{6457CA86-FE4A-49CC-BB4A-2DB94E980D34}.Release|x64.ActiveCfg = Release|x64
		{6457CA86-FE4A-49CC-BB4A-2DB94E980D34}.Release|x64.Build.0 = Release|x64
		{6457CA86-FE4A-49CC-BB4A-2DB94E980D34}.Release|x86.ActiveCfg = Release|Win32
		{6457CA86-FE4A-49CC-BB4A-2DB94E980D34}.Release|x86.Build.0 = Release|Win32
		{55611039-56EB-4FBC-ADC1-470411B5E50D}.Debug|x64.ActiveCfg = Debug|x64
		{55611039-56EB-4FBC-ADC1-470411B5E50D}.Debug|x64.Build.0 = Debug|x64
		{55611039-56EB-4FBC-ADC1-470411B5E50D}.Debug|x86.ActiveCfg = Debug|Win32
		{55611039-56EB-4FBC-ADC1-470411B5E50D}.Debug|x86.Build.0 = Debug|Win32
		{55611039-56EB-4FBC-ADC1-470411B5E50D}.Release|x64.ActiveCfg = Release|x64
		{55611039-56EB-4FBC-ADC1-470411B5E50D}.Release|x64.Build.0 = Release|x64
		{55611039-56EB-4FBC-ADC1-470411B5E50D}.Release|x86.ActiveCfg = Release|Win32
		{55611039-56EB-4FBC-ADC1-470411B5E50D}.Release|x86.Build.0 = Release|Win32
		{54DF2DCC-6D92-484F-9796-56F18E6207B2}.Debug|x64.ActiveCfg = Debug|x64
		{54DF2DCC-6D92-484F-9796-56F18E6207B2}.Debug|x64.Build.0 = Debug|x64
		{54DF2DCC-6D92-484F-9796-56F18E6207B2}.Debug|x86.ActiveCfg = Debug|Win32
		{54DF2DCC-6D92-484F-9796-56F18E6207B2}.Debug|x86.Build.0 = Debug|Win32
		{54DF2DCC-6D92-484F-9796-56F18E6207B2}.Release|x64.ActiveCfg = Release|x64
		{54DF2DCC-6D92-484F-9796-56F18E6207B2}.Release|x64.Build.0 = Release|x64
		{54DF2DCC-6D92-484F-9796-56F18E6207B2}.Release|x86.ActiveCfg = Release|Win32
		{54DF2DCC-6D92-484F-9796-56F18E6207B2}.Release|x86.Build.0 = Release|Win32
		{2E2344BC-4C0B-4047-A5A0-64C7630BA5AA}.Debug|x64.ActiveCfg = Debug|x64
		{2E2344BC-4C0B-4047-A5A0-64C7630BA5AA}.Debug|x64.Build.0 = Debug|x64
		{2E2344BC-4C0B-4047-A5A0-64C7630BA5AA}.Debug|x86.ActiveCfg = Debug|Win32
		{2E2344BC-4C0B-4047-A5A0-64C7630BA5AA}.Debug|x86.Build.0 = Debug|Win32
		{2E2344BC-4C0B-4047-A5A0-64C7630BA5AA}.Release|x64.ActiveCfg = Release|x64
		{2E2344BC-4C0B-4047-A5A0-64C7630BA5AA}.Release|x64.Build.0 = Release|x64
		{2E2344BC-4C0B-4047-A5A0-64C7630BA5AA}.Release|x86.ActiveCfg = Release|Win32
		{2E2344BC-4C0B-4047-A5A0-64C7630BA5AA}.Release|x86.Build.0 = Release|Win32
		{28E84CB5-5B42-4A42-BA1E-36B9955A982C}.Debug|x64.ActiveCfg = Debug|x64
		{28E84CB5-5B42-4A42-BA1E-36B9955A982C}.Debug|x64.Build.0 = Debug|x64
		{28E84CB5-5B42-4A42-BA1E-36B9955A982C}.Debug|x86.ActiveCfg = Debug|Win32
		{28E84CB5-5B42-4A42-BA1E-36B9955A982C}.Debug|x86.Build.0 = Debug|Win32
		{28E84CB5-5B42-4A42-BA1E-36B9955A982C}.Release|x64.ActiveCfg = Release|x64
		{28E84CB5-5B42-4A42-BA1E-36B9955A982C}.Release|x64.Build.0 = Release|x64
		{28E84CB5-5B42-4A42-BA1E-36B9955A982C}.Release|x86.ActiveCfg = Release|Win32
		{28E84CB5-5B42-4A42-BA1E-36B9955A982C}.Release|x86.Build.0 = Release|Win32
		{0693AF7A-B57C-49EB-A5E0-59B0EEC4037B}.Debug|x64.ActiveCfg = Debug|x64
		{0693AF7A-B57C-49EB-A5E0-59B0EEC4037B}.Debug|x64.Build.0 = Debug|x64
		{0693AF7A-B57C-49EB-A5E0-59B0EEC4037B}.Debug|x86.ActiveCfg = Debug|Win32
		{0693AF7A-B57C-49EB-A5E0-59B0EEC4037B}.Debug|x86.Build.0 = Debug|Win32
		{0693AF7A-B57C-49EB-A5E0-59B0EEC4037B}.Release|x64.ActiveCfg = Release|x64
		{0693AF7A-B57C-49EB-A5E0-59B0EEC4037B}.Release|x64.Build.0 = Release|x64
		{0693AF7A-B57C-49EB-A5E0-59B0EEC4037B}.Release|x86.ActiveCfg = Release|Win32
		{0693AF7A-B57C-49EB-A5E0-59B0EEC4037B}.Release|x86.Build.0 = Release|Win32
		{DC4602E1-BB57-4782-BE5F-09D46B842F24}.Debug|x64.ActiveCfg = Debug|x64
		{DC4602E1-BB57-4782-BE5F-09D46B842F24}.Debug|x64.Build.0 = Debug|x64
		{DC4602E1-BB57-4782-BE5F-09D46B842F24}.Debug|x86.ActiveCfg = Debug|Win32
		{DC4602E1-BB57-4782-BE5F-09D46B842F24}.Debug|x86.Build.0 = Debug|Win32
		{DC4602E1-BB57-4782-BE5F-09D46B842F24}.Release|x64.ActiveCfg = Release|x64
		{DC4602E1-BB57-4782-BE5F-09D46B842F24}.Release|x64.Build.0 = Release|x64
		{DC4602E1-BB57-4782-BE5F-09D46B842F24}.Release|x86.ActiveCfg = Release|Win32
		{DC4602E1-BB57-4782-BE5F-09D46B842F24}.Release|x86.Build.0 = Release|Win32
	EndGlobalSection
	GlobalSection(SolutionProperties) = preSolution
		HideSolutionNode = FALSE
	EndGlobalSection
	GlobalSection(ExtensibilityGlobals) = postSolution
		SolutionGuid = {0697A5D2-0C7D-481F-81C3-16108BEEF209}
	EndGlobalSection
EndGlobal
